// !$*UTF8*$!
{
	archiveVersion = 1;
	classes = {
	};
	objectVersion = 50;
	objects = {

/* Begin PBXBuildFile section */
		DC113D8B21DE80F1008A4D36 /* CurrentLocation.swift in Sources */ = {isa = PBXBuildFile; fileRef = DC113D8A21DE80F1008A4D36 /* CurrentLocation.swift */; };
		DC113D8C21DE80F1008A4D36 /* CurrentLocation.swift in Sources */ = {isa = PBXBuildFile; fileRef = DC113D8A21DE80F1008A4D36 /* CurrentLocation.swift */; };
		DC113D8D21DE80F1008A4D36 /* CurrentLocation.swift in Sources */ = {isa = PBXBuildFile; fileRef = DC113D8A21DE80F1008A4D36 /* CurrentLocation.swift */; };
		DC113D8E21DE80F1008A4D36 /* CurrentLocation.swift in Sources */ = {isa = PBXBuildFile; fileRef = DC113D8A21DE80F1008A4D36 /* CurrentLocation.swift */; };
		DC21A7BE21AC6E1B00F445AB /* AppDelegate.swift in Sources */ = {isa = PBXBuildFile; fileRef = DC21A7BD21AC6E1B00F445AB /* AppDelegate.swift */; };
		DC21A7C021AC6E1B00F445AB /* MasterViewController.swift in Sources */ = {isa = PBXBuildFile; fileRef = DC21A7BF21AC6E1B00F445AB /* MasterViewController.swift */; };
		DC21A7C221AC6E1B00F445AB /* DetailViewController.swift in Sources */ = {isa = PBXBuildFile; fileRef = DC21A7C121AC6E1B00F445AB /* DetailViewController.swift */; };
		DC21A7C521AC6E1B00F445AB /* Main.storyboard in Resources */ = {isa = PBXBuildFile; fileRef = DC21A7C321AC6E1B00F445AB /* Main.storyboard */; };
		DC21A7C721AC6E1C00F445AB /* Assets.xcassets in Resources */ = {isa = PBXBuildFile; fileRef = DC21A7C621AC6E1C00F445AB /* Assets.xcassets */; };
		DC21A7CA21AC6E1C00F445AB /* LaunchScreen.storyboard in Resources */ = {isa = PBXBuildFile; fileRef = DC21A7C821AC6E1C00F445AB /* LaunchScreen.storyboard */; };
		DC21A7D521AC6E1C00F445AB /* TourExtrasTests.swift in Sources */ = {isa = PBXBuildFile; fileRef = DC21A7D421AC6E1C00F445AB /* TourExtrasTests.swift */; };
		DC21A7E321ADCAF400F445AB /* 1785 GLC Baskerville-N.otf in Resources */ = {isa = PBXBuildFile; fileRef = DC21A7E121ADCAF400F445AB /* 1785 GLC Baskerville-N.otf */; };
		DC21A7E421ADCAF400F445AB /* 1785 GLC Baskerville-Ita.otf in Resources */ = {isa = PBXBuildFile; fileRef = DC21A7E221ADCAF400F445AB /* 1785 GLC Baskerville-Ita.otf */; };
		DC35217421CAD2F50014568D /* PointOfInterest.swift in Sources */ = {isa = PBXBuildFile; fileRef = DC35217321CAD2F50014568D /* PointOfInterest.swift */; };
		DC35217521CAD2F50014568D /* PointOfInterest.swift in Sources */ = {isa = PBXBuildFile; fileRef = DC35217321CAD2F50014568D /* PointOfInterest.swift */; };
		DC35217621CAD2F50014568D /* PointOfInterest.swift in Sources */ = {isa = PBXBuildFile; fileRef = DC35217321CAD2F50014568D /* PointOfInterest.swift */; };
		DC35217721CAD2F50014568D /* PointOfInterest.swift in Sources */ = {isa = PBXBuildFile; fileRef = DC35217321CAD2F50014568D /* PointOfInterest.swift */; };
		DC35217921CAD9400014568D /* PointsOfInterest.swift in Sources */ = {isa = PBXBuildFile; fileRef = DC35217821CAD9400014568D /* PointsOfInterest.swift */; };
		DC35217A21CAD9400014568D /* PointsOfInterest.swift in Sources */ = {isa = PBXBuildFile; fileRef = DC35217821CAD9400014568D /* PointsOfInterest.swift */; };
		DC35217B21CAD9400014568D /* PointsOfInterest.swift in Sources */ = {isa = PBXBuildFile; fileRef = DC35217821CAD9400014568D /* PointsOfInterest.swift */; };
		DC35217C21CAD9400014568D /* PointsOfInterest.swift in Sources */ = {isa = PBXBuildFile; fileRef = DC35217821CAD9400014568D /* PointsOfInterest.swift */; };
		DCB043B521CC2F0E00FA43CA /* ImageContent.swift in Sources */ = {isa = PBXBuildFile; fileRef = DCB043B421CC2F0E00FA43CA /* ImageContent.swift */; };
		DCB043B621CC2F0E00FA43CA /* ImageContent.swift in Sources */ = {isa = PBXBuildFile; fileRef = DCB043B421CC2F0E00FA43CA /* ImageContent.swift */; };
		DCB043B721CC2F0E00FA43CA /* ImageContent.swift in Sources */ = {isa = PBXBuildFile; fileRef = DCB043B421CC2F0E00FA43CA /* ImageContent.swift */; };
		DCB043B821CC2F0E00FA43CA /* ImageContent.swift in Sources */ = {isa = PBXBuildFile; fileRef = DCB043B421CC2F0E00FA43CA /* ImageContent.swift */; };
		DCDE5F5F21C98720007470BD /* AppDelegate.swift in Sources */ = {isa = PBXBuildFile; fileRef = DCDE5F5E21C98720007470BD /* AppDelegate.swift */; };
		DCDE5F6121C98720007470BD /* ViewController.swift in Sources */ = {isa = PBXBuildFile; fileRef = DCDE5F6021C98720007470BD /* ViewController.swift */; };
		DCDE5F6421C98720007470BD /* Main.storyboard in Resources */ = {isa = PBXBuildFile; fileRef = DCDE5F6221C98720007470BD /* Main.storyboard */; };
		DCDE5F6621C98722007470BD /* Assets.xcassets in Resources */ = {isa = PBXBuildFile; fileRef = DCDE5F6521C98722007470BD /* Assets.xcassets */; };
		DCDE5F6921C98722007470BD /* LaunchScreen.storyboard in Resources */ = {isa = PBXBuildFile; fileRef = DCDE5F6721C98722007470BD /* LaunchScreen.storyboard */; };
		DCDE5F7421C98722007470BD /* SalemPrototypeTests.swift in Sources */ = {isa = PBXBuildFile; fileRef = DCDE5F7321C98722007470BD /* SalemPrototypeTests.swift */; };
		DCDE5F7C21C98A0A007470BD /* 1785 GLC Baskerville-N.otf in Resources */ = {isa = PBXBuildFile; fileRef = DC21A7E121ADCAF400F445AB /* 1785 GLC Baskerville-N.otf */; };
		DCDE5F7D21C98A0D007470BD /* 1785 GLC Baskerville-Ita.otf in Resources */ = {isa = PBXBuildFile; fileRef = DC21A7E221ADCAF400F445AB /* 1785 GLC Baskerville-Ita.otf */; };
		DCDE5F7F21C98E13007470BD /* assets in Resources */ = {isa = PBXBuildFile; fileRef = DCDE5F7E21C98E13007470BD /* assets */; };
		DCDE5F8021C98E13007470BD /* assets in Resources */ = {isa = PBXBuildFile; fileRef = DCDE5F7E21C98E13007470BD /* assets */; };
		DCE1DA4521CD68BE004C2300 /* assets in Resources */ = {isa = PBXBuildFile; fileRef = DCDE5F7E21C98E13007470BD /* assets */; };
		DCE1DA4621CD68BF004C2300 /* assets in Resources */ = {isa = PBXBuildFile; fileRef = DCDE5F7E21C98E13007470BD /* assets */; };
/* End PBXBuildFile section */

/* Begin PBXContainerItemProxy section */
		DC21A7D121AC6E1C00F445AB /* PBXContainerItemProxy */ = {
			isa = PBXContainerItemProxy;
			containerPortal = DC21A7B221AC6E1B00F445AB /* Project object */;
			proxyType = 1;
			remoteGlobalIDString = DC21A7B921AC6E1B00F445AB;
			remoteInfo = TourExtras;
		};
		DCDE5F7021C98722007470BD /* PBXContainerItemProxy */ = {
			isa = PBXContainerItemProxy;
			containerPortal = DC21A7B221AC6E1B00F445AB /* Project object */;
			proxyType = 1;
			remoteGlobalIDString = DCDE5F5B21C98720007470BD;
			remoteInfo = SalemPrototype;
		};
/* End PBXContainerItemProxy section */

/* Begin PBXFileReference section */
		DC113D8A21DE80F1008A4D36 /* CurrentLocation.swift */ = {isa = PBXFileReference; lastKnownFileType = sourcecode.swift; path = CurrentLocation.swift; sourceTree = SOURCE_ROOT; };
		DC21A7BA21AC6E1B00F445AB /* TourExtras.app */ = {isa = PBXFileReference; explicitFileType = wrapper.application; includeInIndex = 0; path = TourExtras.app; sourceTree = BUILT_PRODUCTS_DIR; };
		DC21A7BD21AC6E1B00F445AB /* AppDelegate.swift */ = {isa = PBXFileReference; lastKnownFileType = sourcecode.swift; path = AppDelegate.swift; sourceTree = "<group>"; };
		DC21A7BF21AC6E1B00F445AB /* MasterViewController.swift */ = {isa = PBXFileReference; lastKnownFileType = sourcecode.swift; path = MasterViewController.swift; sourceTree = "<group>"; };
		DC21A7C121AC6E1B00F445AB /* DetailViewController.swift */ = {isa = PBXFileReference; lastKnownFileType = sourcecode.swift; path = DetailViewController.swift; sourceTree = "<group>"; };
		DC21A7C421AC6E1B00F445AB /* Base */ = {isa = PBXFileReference; lastKnownFileType = file.storyboard; name = Base; path = Base.lproj/Main.storyboard; sourceTree = "<group>"; };
		DC21A7C621AC6E1C00F445AB /* Assets.xcassets */ = {isa = PBXFileReference; lastKnownFileType = folder.assetcatalog; path = Assets.xcassets; sourceTree = "<group>"; };
		DC21A7C921AC6E1C00F445AB /* Base */ = {isa = PBXFileReference; lastKnownFileType = file.storyboard; name = Base; path = Base.lproj/LaunchScreen.storyboard; sourceTree = "<group>"; };
		DC21A7CB21AC6E1C00F445AB /* Info.plist */ = {isa = PBXFileReference; lastKnownFileType = text.plist.xml; path = Info.plist; sourceTree = "<group>"; };
		DC21A7D021AC6E1C00F445AB /* TourExtrasTests.xctest */ = {isa = PBXFileReference; explicitFileType = wrapper.cfbundle; includeInIndex = 0; path = TourExtrasTests.xctest; sourceTree = BUILT_PRODUCTS_DIR; };
		DC21A7D421AC6E1C00F445AB /* TourExtrasTests.swift */ = {isa = PBXFileReference; lastKnownFileType = sourcecode.swift; path = TourExtrasTests.swift; sourceTree = "<group>"; };
		DC21A7D621AC6E1C00F445AB /* Info.plist */ = {isa = PBXFileReference; lastKnownFileType = text.plist.xml; path = Info.plist; sourceTree = "<group>"; };
		DC21A7E121ADCAF400F445AB /* 1785 GLC Baskerville-N.otf */ = {isa = PBXFileReference; lastKnownFileType = file; path = "1785 GLC Baskerville-N.otf"; sourceTree = "<group>"; };
		DC21A7E221ADCAF400F445AB /* 1785 GLC Baskerville-Ita.otf */ = {isa = PBXFileReference; lastKnownFileType = file; path = "1785 GLC Baskerville-Ita.otf"; sourceTree = "<group>"; };
		DC35217321CAD2F50014568D /* PointOfInterest.swift */ = {isa = PBXFileReference; lastKnownFileType = sourcecode.swift; path = PointOfInterest.swift; sourceTree = "<group>"; };
		DC35217821CAD9400014568D /* PointsOfInterest.swift */ = {isa = PBXFileReference; lastKnownFileType = sourcecode.swift; path = PointsOfInterest.swift; sourceTree = "<group>"; };
		DCB043B421CC2F0E00FA43CA /* ImageContent.swift */ = {isa = PBXFileReference; lastKnownFileType = sourcecode.swift; path = ImageContent.swift; sourceTree = "<group>"; };
		DCDE5F5C21C98720007470BD /* SalemPrototype.app */ = {isa = PBXFileReference; explicitFileType = wrapper.application; includeInIndex = 0; path = SalemPrototype.app; sourceTree = BUILT_PRODUCTS_DIR; };
		DCDE5F5E21C98720007470BD /* AppDelegate.swift */ = {isa = PBXFileReference; lastKnownFileType = sourcecode.swift; path = AppDelegate.swift; sourceTree = "<group>"; };
		DCDE5F6021C98720007470BD /* ViewController.swift */ = {isa = PBXFileReference; lastKnownFileType = sourcecode.swift; path = ViewController.swift; sourceTree = "<group>"; };
		DCDE5F6321C98720007470BD /* Base */ = {isa = PBXFileReference; lastKnownFileType = file.storyboard; name = Base; path = Base.lproj/Main.storyboard; sourceTree = "<group>"; };
		DCDE5F6521C98722007470BD /* Assets.xcassets */ = {isa = PBXFileReference; lastKnownFileType = folder.assetcatalog; path = Assets.xcassets; sourceTree = "<group>"; };
		DCDE5F6821C98722007470BD /* Base */ = {isa = PBXFileReference; lastKnownFileType = file.storyboard; name = Base; path = Base.lproj/LaunchScreen.storyboard; sourceTree = "<group>"; };
		DCDE5F6A21C98722007470BD /* Info.plist */ = {isa = PBXFileReference; lastKnownFileType = text.plist.xml; path = Info.plist; sourceTree = "<group>"; };
		DCDE5F6F21C98722007470BD /* SalemPrototypeTests.xctest */ = {isa = PBXFileReference; explicitFileType = wrapper.cfbundle; includeInIndex = 0; path = SalemPrototypeTests.xctest; sourceTree = BUILT_PRODUCTS_DIR; };
		DCDE5F7321C98722007470BD /* SalemPrototypeTests.swift */ = {isa = PBXFileReference; lastKnownFileType = sourcecode.swift; path = SalemPrototypeTests.swift; sourceTree = "<group>"; };
		DCDE5F7521C98722007470BD /* Info.plist */ = {isa = PBXFileReference; lastKnownFileType = text.plist.xml; path = Info.plist; sourceTree = "<group>"; };
		DCDE5F7E21C98E13007470BD /* assets */ = {isa = PBXFileReference; lastKnownFileType = folder; path = assets; sourceTree = SOURCE_ROOT; };
/* End PBXFileReference section */

/* Begin PBXFrameworksBuildPhase section */
		DC21A7B721AC6E1B00F445AB /* Frameworks */ = {
			isa = PBXFrameworksBuildPhase;
			buildActionMask = 2147483647;
			files = (
			);
			runOnlyForDeploymentPostprocessing = 0;
		};
		DC21A7CD21AC6E1C00F445AB /* Frameworks */ = {
			isa = PBXFrameworksBuildPhase;
			buildActionMask = 2147483647;
			files = (
			);
			runOnlyForDeploymentPostprocessing = 0;
		};
		DCDE5F5921C98720007470BD /* Frameworks */ = {
			isa = PBXFrameworksBuildPhase;
			buildActionMask = 2147483647;
			files = (
			);
			runOnlyForDeploymentPostprocessing = 0;
		};
		DCDE5F6C21C98722007470BD /* Frameworks */ = {
			isa = PBXFrameworksBuildPhase;
			buildActionMask = 2147483647;
			files = (
			);
			runOnlyForDeploymentPostprocessing = 0;
		};
/* End PBXFrameworksBuildPhase section */

/* Begin PBXGroup section */
		DC21A7B121AC6E1B00F445AB = {
			isa = PBXGroup;
			children = (
				DC35217321CAD2F50014568D /* PointOfInterest.swift */,
				DC35217821CAD9400014568D /* PointsOfInterest.swift */,
				DCB043B421CC2F0E00FA43CA /* ImageContent.swift */,
				DC113D8A21DE80F1008A4D36 /* CurrentLocation.swift */,
				DCDE5F7E21C98E13007470BD /* assets */,
				DC21A7BC21AC6E1B00F445AB /* TourExtras */,
				DC21A7D321AC6E1C00F445AB /* TourExtrasTests */,
				DCDE5F5D21C98720007470BD /* SalemPrototype */,
				DCDE5F7221C98722007470BD /* SalemPrototypeTests */,
				DC21A7BB21AC6E1B00F445AB /* Products */,
			);
			sourceTree = "<group>";
		};
		DC21A7BB21AC6E1B00F445AB /* Products */ = {
			isa = PBXGroup;
			children = (
				DC21A7BA21AC6E1B00F445AB /* TourExtras.app */,
				DC21A7D021AC6E1C00F445AB /* TourExtrasTests.xctest */,
				DCDE5F5C21C98720007470BD /* SalemPrototype.app */,
				DCDE5F6F21C98722007470BD /* SalemPrototypeTests.xctest */,
			);
			name = Products;
			sourceTree = "<group>";
		};
		DC21A7BC21AC6E1B00F445AB /* TourExtras */ = {
			isa = PBXGroup;
			children = (
				DC21A7E021ADCAB400F445AB /* fonts */,
				DC21A7BD21AC6E1B00F445AB /* AppDelegate.swift */,
				DC21A7BF21AC6E1B00F445AB /* MasterViewController.swift */,
				DC21A7C121AC6E1B00F445AB /* DetailViewController.swift */,
				DC21A7C321AC6E1B00F445AB /* Main.storyboard */,
				DC21A7C621AC6E1C00F445AB /* Assets.xcassets */,
				DC21A7C821AC6E1C00F445AB /* LaunchScreen.storyboard */,
				DC21A7CB21AC6E1C00F445AB /* Info.plist */,
			);
			path = TourExtras;
			sourceTree = "<group>";
		};
		DC21A7D321AC6E1C00F445AB /* TourExtrasTests */ = {
			isa = PBXGroup;
			children = (
				DC21A7D421AC6E1C00F445AB /* TourExtrasTests.swift */,
				DC21A7D621AC6E1C00F445AB /* Info.plist */,
			);
			path = TourExtrasTests;
			sourceTree = "<group>";
		};
		DC21A7E021ADCAB400F445AB /* fonts */ = {
			isa = PBXGroup;
			children = (
				DC21A7E221ADCAF400F445AB /* 1785 GLC Baskerville-Ita.otf */,
				DC21A7E121ADCAF400F445AB /* 1785 GLC Baskerville-N.otf */,
			);
			path = fonts;
			sourceTree = "<group>";
		};
		DCDE5F5D21C98720007470BD /* SalemPrototype */ = {
			isa = PBXGroup;
			children = (
				DCDE5F5E21C98720007470BD /* AppDelegate.swift */,
				DCDE5F6021C98720007470BD /* ViewController.swift */,
				DCDE5F6221C98720007470BD /* Main.storyboard */,
				DCDE5F6521C98722007470BD /* Assets.xcassets */,
				DCDE5F6721C98722007470BD /* LaunchScreen.storyboard */,
				DCDE5F6A21C98722007470BD /* Info.plist */,
			);
			path = SalemPrototype;
			sourceTree = "<group>";
		};
		DCDE5F7221C98722007470BD /* SalemPrototypeTests */ = {
			isa = PBXGroup;
			children = (
				DCDE5F7321C98722007470BD /* SalemPrototypeTests.swift */,
				DCDE5F7521C98722007470BD /* Info.plist */,
			);
			path = SalemPrototypeTests;
			sourceTree = "<group>";
		};
/* End PBXGroup section */

/* Begin PBXNativeTarget section */
		DC21A7B921AC6E1B00F445AB /* TourExtras */ = {
			isa = PBXNativeTarget;
			buildConfigurationList = DC21A7D921AC6E1C00F445AB /* Build configuration list for PBXNativeTarget "TourExtras" */;
			buildPhases = (
				DC21A7B621AC6E1B00F445AB /* Sources */,
				DC21A7B721AC6E1B00F445AB /* Frameworks */,
				DC21A7B821AC6E1B00F445AB /* Resources */,
			);
			buildRules = (
			);
			dependencies = (
			);
			name = TourExtras;
			productName = TourExtras;
			productReference = DC21A7BA21AC6E1B00F445AB /* TourExtras.app */;
			productType = "com.apple.product-type.application";
		};
		DC21A7CF21AC6E1C00F445AB /* TourExtrasTests */ = {
			isa = PBXNativeTarget;
			buildConfigurationList = DC21A7DC21AC6E1C00F445AB /* Build configuration list for PBXNativeTarget "TourExtrasTests" */;
			buildPhases = (
				DC21A7CC21AC6E1C00F445AB /* Sources */,
				DC21A7CD21AC6E1C00F445AB /* Frameworks */,
				DC21A7CE21AC6E1C00F445AB /* Resources */,
			);
			buildRules = (
			);
			dependencies = (
				DC21A7D221AC6E1C00F445AB /* PBXTargetDependency */,
			);
			name = TourExtrasTests;
			productName = TourExtrasTests;
			productReference = DC21A7D021AC6E1C00F445AB /* TourExtrasTests.xctest */;
			productType = "com.apple.product-type.bundle.unit-test";
		};
		DCDE5F5B21C98720007470BD /* SalemPrototype */ = {
			isa = PBXNativeTarget;
			buildConfigurationList = DCDE5F7A21C98722007470BD /* Build configuration list for PBXNativeTarget "SalemPrototype" */;
			buildPhases = (
				DCDE5F5821C98720007470BD /* Sources */,
				DCDE5F5921C98720007470BD /* Frameworks */,
				DCDE5F5A21C98720007470BD /* Resources */,
			);
			buildRules = (
			);
			dependencies = (
			);
			name = SalemPrototype;
			productName = SalemPrototype;
			productReference = DCDE5F5C21C98720007470BD /* SalemPrototype.app */;
			productType = "com.apple.product-type.application";
		};
		DCDE5F6E21C98722007470BD /* SalemPrototypeTests */ = {
			isa = PBXNativeTarget;
			buildConfigurationList = DCDE5F7B21C98722007470BD /* Build configuration list for PBXNativeTarget "SalemPrototypeTests" */;
			buildPhases = (
				DCDE5F6B21C98722007470BD /* Sources */,
				DCDE5F6C21C98722007470BD /* Frameworks */,
				DCDE5F6D21C98722007470BD /* Resources */,
			);
			buildRules = (
			);
			dependencies = (
				DCDE5F7121C98722007470BD /* PBXTargetDependency */,
			);
			name = SalemPrototypeTests;
			productName = SalemPrototypeTests;
			productReference = DCDE5F6F21C98722007470BD /* SalemPrototypeTests.xctest */;
			productType = "com.apple.product-type.bundle.unit-test";
		};
/* End PBXNativeTarget section */

/* Begin PBXProject section */
		DC21A7B221AC6E1B00F445AB /* Project object */ = {
			isa = PBXProject;
			attributes = {
				LastSwiftUpdateCheck = 1010;
				LastUpgradeCheck = 1010;
				ORGANIZATIONNAME = Swartzware;
				TargetAttributes = {
					DC21A7B921AC6E1B00F445AB = {
						CreatedOnToolsVersion = 10.1;
					};
					DC21A7CF21AC6E1C00F445AB = {
						CreatedOnToolsVersion = 10.1;
						TestTargetID = DC21A7B921AC6E1B00F445AB;
					};
					DCDE5F5B21C98720007470BD = {
						CreatedOnToolsVersion = 10.1;
					};
					DCDE5F6E21C98722007470BD = {
						CreatedOnToolsVersion = 10.1;
						TestTargetID = DCDE5F5B21C98720007470BD;
					};
				};
			};
			buildConfigurationList = DC21A7B521AC6E1B00F445AB /* Build configuration list for PBXProject "TourExtras" */;
			compatibilityVersion = "Xcode 9.3";
			developmentRegion = en;
			hasScannedForEncodings = 0;
			knownRegions = (
				en,
				Base,
			);
			mainGroup = DC21A7B121AC6E1B00F445AB;
			productRefGroup = DC21A7BB21AC6E1B00F445AB /* Products */;
			projectDirPath = "";
			projectRoot = "";
			targets = (
				DC21A7B921AC6E1B00F445AB /* TourExtras */,
				DC21A7CF21AC6E1C00F445AB /* TourExtrasTests */,
				DCDE5F5B21C98720007470BD /* SalemPrototype */,
				DCDE5F6E21C98722007470BD /* SalemPrototypeTests */,
			);
		};
/* End PBXProject section */

/* Begin PBXResourcesBuildPhase section */
		DC21A7B821AC6E1B00F445AB /* Resources */ = {
			isa = PBXResourcesBuildPhase;
			buildActionMask = 2147483647;
			files = (
				DC21A7CA21AC6E1C00F445AB /* LaunchScreen.storyboard in Resources */,
				DC21A7E321ADCAF400F445AB /* 1785 GLC Baskerville-N.otf in Resources */,
				DC21A7E421ADCAF400F445AB /* 1785 GLC Baskerville-Ita.otf in Resources */,
				DCDE5F7F21C98E13007470BD /* assets in Resources */,
				DC21A7C721AC6E1C00F445AB /* Assets.xcassets in Resources */,
				DC21A7C521AC6E1B00F445AB /* Main.storyboard in Resources */,
			);
			runOnlyForDeploymentPostprocessing = 0;
		};
		DC21A7CE21AC6E1C00F445AB /* Resources */ = {
			isa = PBXResourcesBuildPhase;
			buildActionMask = 2147483647;
			files = (
				DCE1DA4521CD68BE004C2300 /* assets in Resources */,
			);
			runOnlyForDeploymentPostprocessing = 0;
		};
		DCDE5F5A21C98720007470BD /* Resources */ = {
			isa = PBXResourcesBuildPhase;
			buildActionMask = 2147483647;
			files = (
				DCDE5F6921C98722007470BD /* LaunchScreen.storyboard in Resources */,
				DCDE5F6621C98722007470BD /* Assets.xcassets in Resources */,
				DCDE5F7D21C98A0D007470BD /* 1785 GLC Baskerville-Ita.otf in Resources */,
				DCDE5F8021C98E13007470BD /* assets in Resources */,
				DCDE5F6421C98720007470BD /* Main.storyboard in Resources */,
				DCDE5F7C21C98A0A007470BD /* 1785 GLC Baskerville-N.otf in Resources */,
			);
			runOnlyForDeploymentPostprocessing = 0;
		};
		DCDE5F6D21C98722007470BD /* Resources */ = {
			isa = PBXResourcesBuildPhase;
			buildActionMask = 2147483647;
			files = (
				DCE1DA4621CD68BF004C2300 /* assets in Resources */,
			);
			runOnlyForDeploymentPostprocessing = 0;
		};
/* End PBXResourcesBuildPhase section */

/* Begin PBXSourcesBuildPhase section */
		DC21A7B621AC6E1B00F445AB /* Sources */ = {
			isa = PBXSourcesBuildPhase;
			buildActionMask = 2147483647;
			files = (
				DC21A7C221AC6E1B00F445AB /* DetailViewController.swift in Sources */,
				DCB043B521CC2F0E00FA43CA /* ImageContent.swift in Sources */,
				DC35217921CAD9400014568D /* PointsOfInterest.swift in Sources */,
				DC113D8B21DE80F1008A4D36 /* CurrentLocation.swift in Sources */,
				DC21A7C021AC6E1B00F445AB /* MasterViewController.swift in Sources */,
				DC35217421CAD2F50014568D /* PointOfInterest.swift in Sources */,
				DC21A7BE21AC6E1B00F445AB /* AppDelegate.swift in Sources */,
			);
			runOnlyForDeploymentPostprocessing = 0;
		};
		DC21A7CC21AC6E1C00F445AB /* Sources */ = {
			isa = PBXSourcesBuildPhase;
			buildActionMask = 2147483647;
			files = (
				DC21A7D521AC6E1C00F445AB /* TourExtrasTests.swift in Sources */,
				DC35217A21CAD9400014568D /* PointsOfInterest.swift in Sources */,
				DC35217521CAD2F50014568D /* PointOfInterest.swift in Sources */,
				DC113D8C21DE80F1008A4D36 /* CurrentLocation.swift in Sources */,
				DCB043B621CC2F0E00FA43CA /* ImageContent.swift in Sources */,
			);
			runOnlyForDeploymentPostprocessing = 0;
		};
		DCDE5F5821C98720007470BD /* Sources */ = {
			isa = PBXSourcesBuildPhase;
			buildActionMask = 2147483647;
			files = (
				DC113D8D21DE80F1008A4D36 /* CurrentLocation.swift in Sources */,
				DC35217B21CAD9400014568D /* PointsOfInterest.swift in Sources */,
				DCDE5F6121C98720007470BD /* ViewController.swift in Sources */,
				DCB043B721CC2F0E00FA43CA /* ImageContent.swift in Sources */,
				DC35217621CAD2F50014568D /* PointOfInterest.swift in Sources */,
				DCDE5F5F21C98720007470BD /* AppDelegate.swift in Sources */,
			);
			runOnlyForDeploymentPostprocessing = 0;
		};
		DCDE5F6B21C98722007470BD /* Sources */ = {
			isa = PBXSourcesBuildPhase;
			buildActionMask = 2147483647;
			files = (
				DCDE5F7421C98722007470BD /* SalemPrototypeTests.swift in Sources */,
				DC35217C21CAD9400014568D /* PointsOfInterest.swift in Sources */,
				DC35217721CAD2F50014568D /* PointOfInterest.swift in Sources */,
				DC113D8E21DE80F1008A4D36 /* CurrentLocation.swift in Sources */,
				DCB043B821CC2F0E00FA43CA /* ImageContent.swift in Sources */,
			);
			runOnlyForDeploymentPostprocessing = 0;
		};
/* End PBXSourcesBuildPhase section */

/* Begin PBXTargetDependency section */
		DC21A7D221AC6E1C00F445AB /* PBXTargetDependency */ = {
			isa = PBXTargetDependency;
			target = DC21A7B921AC6E1B00F445AB /* TourExtras */;
			targetProxy = DC21A7D121AC6E1C00F445AB /* PBXContainerItemProxy */;
		};
		DCDE5F7121C98722007470BD /* PBXTargetDependency */ = {
			isa = PBXTargetDependency;
			target = DCDE5F5B21C98720007470BD /* SalemPrototype */;
			targetProxy = DCDE5F7021C98722007470BD /* PBXContainerItemProxy */;
		};
/* End PBXTargetDependency section */

/* Begin PBXVariantGroup section */
		DC21A7C321AC6E1B00F445AB /* Main.storyboard */ = {
			isa = PBXVariantGroup;
			children = (
				DC21A7C421AC6E1B00F445AB /* Base */,
			);
			name = Main.storyboard;
			sourceTree = "<group>";
		};
		DC21A7C821AC6E1C00F445AB /* LaunchScreen.storyboard */ = {
			isa = PBXVariantGroup;
			children = (
				DC21A7C921AC6E1C00F445AB /* Base */,
			);
			name = LaunchScreen.storyboard;
			sourceTree = "<group>";
		};
		DCDE5F6221C98720007470BD /* Main.storyboard */ = {
			isa = PBXVariantGroup;
			children = (
				DCDE5F6321C98720007470BD /* Base */,
			);
			name = Main.storyboard;
			sourceTree = "<group>";
		};
		DCDE5F6721C98722007470BD /* LaunchScreen.storyboard */ = {
			isa = PBXVariantGroup;
			children = (
				DCDE5F6821C98722007470BD /* Base */,
			);
			name = LaunchScreen.storyboard;
			sourceTree = "<group>";
		};
/* End PBXVariantGroup section */

/* Begin XCBuildConfiguration section */
		DC21A7D721AC6E1C00F445AB /* Debug */ = {
			isa = XCBuildConfiguration;
			buildSettings = {
				ALWAYS_SEARCH_USER_PATHS = NO;
				CLANG_ANALYZER_NONNULL = YES;
				CLANG_ANALYZER_NUMBER_OBJECT_CONVERSION = YES_AGGRESSIVE;
				CLANG_CXX_LANGUAGE_STANDARD = "gnu++14";
				CLANG_CXX_LIBRARY = "libc++";
				CLANG_ENABLE_MODULES = YES;
				CLANG_ENABLE_OBJC_ARC = YES;
				CLANG_ENABLE_OBJC_WEAK = YES;
				CLANG_WARN_BLOCK_CAPTURE_AUTORELEASING = YES;
				CLANG_WARN_BOOL_CONVERSION = YES;
				CLANG_WARN_COMMA = YES;
				CLANG_WARN_CONSTANT_CONVERSION = YES;
				CLANG_WARN_DEPRECATED_OBJC_IMPLEMENTATIONS = YES;
				CLANG_WARN_DIRECT_OBJC_ISA_USAGE = YES_ERROR;
				CLANG_WARN_DOCUMENTATION_COMMENTS = YES;
				CLANG_WARN_EMPTY_BODY = YES;
				CLANG_WARN_ENUM_CONVERSION = YES;
				CLANG_WARN_INFINITE_RECURSION = YES;
				CLANG_WARN_INT_CONVERSION = YES;
				CLANG_WARN_NON_LITERAL_NULL_CONVERSION = YES;
				CLANG_WARN_OBJC_IMPLICIT_RETAIN_SELF = YES;
				CLANG_WARN_OBJC_LITERAL_CONVERSION = YES;
				CLANG_WARN_OBJC_ROOT_CLASS = YES_ERROR;
				CLANG_WARN_RANGE_LOOP_ANALYSIS = YES;
				CLANG_WARN_STRICT_PROTOTYPES = YES;
				CLANG_WARN_SUSPICIOUS_MOVE = YES;
				CLANG_WARN_UNGUARDED_AVAILABILITY = YES_AGGRESSIVE;
				CLANG_WARN_UNREACHABLE_CODE = YES;
				CLANG_WARN__DUPLICATE_METHOD_MATCH = YES;
				CODE_SIGN_IDENTITY = "iPhone Developer";
				COPY_PHASE_STRIP = NO;
				DEBUG_INFORMATION_FORMAT = dwarf;
				ENABLE_STRICT_OBJC_MSGSEND = YES;
				ENABLE_TESTABILITY = YES;
				GCC_C_LANGUAGE_STANDARD = gnu11;
				GCC_DYNAMIC_NO_PIC = NO;
				GCC_NO_COMMON_BLOCKS = YES;
				GCC_OPTIMIZATION_LEVEL = 0;
				GCC_PREPROCESSOR_DEFINITIONS = (
					"DEBUG=1",
					"$(inherited)",
				);
				GCC_WARN_64_TO_32_BIT_CONVERSION = YES;
				GCC_WARN_ABOUT_RETURN_TYPE = YES_ERROR;
				GCC_WARN_UNDECLARED_SELECTOR = YES;
				GCC_WARN_UNINITIALIZED_AUTOS = YES_AGGRESSIVE;
				GCC_WARN_UNUSED_FUNCTION = YES;
				GCC_WARN_UNUSED_VARIABLE = YES;
				IPHONEOS_DEPLOYMENT_TARGET = 12.1;
				MTL_ENABLE_DEBUG_INFO = INCLUDE_SOURCE;
				MTL_FAST_MATH = YES;
				ONLY_ACTIVE_ARCH = YES;
				SDKROOT = iphoneos;
				SWIFT_ACTIVE_COMPILATION_CONDITIONS = DEBUG;
				SWIFT_OPTIMIZATION_LEVEL = "-Onone";
			};
			name = Debug;
		};
		DC21A7D821AC6E1C00F445AB /* Release */ = {
			isa = XCBuildConfiguration;
			buildSettings = {
				ALWAYS_SEARCH_USER_PATHS = NO;
				CLANG_ANALYZER_NONNULL = YES;
				CLANG_ANALYZER_NUMBER_OBJECT_CONVERSION = YES_AGGRESSIVE;
				CLANG_CXX_LANGUAGE_STANDARD = "gnu++14";
				CLANG_CXX_LIBRARY = "libc++";
				CLANG_ENABLE_MODULES = YES;
				CLANG_ENABLE_OBJC_ARC = YES;
				CLANG_ENABLE_OBJC_WEAK = YES;
				CLANG_WARN_BLOCK_CAPTURE_AUTORELEASING = YES;
				CLANG_WARN_BOOL_CONVERSION = YES;
				CLANG_WARN_COMMA = YES;
				CLANG_WARN_CONSTANT_CONVERSION = YES;
				CLANG_WARN_DEPRECATED_OBJC_IMPLEMENTATIONS = YES;
				CLANG_WARN_DIRECT_OBJC_ISA_USAGE = YES_ERROR;
				CLANG_WARN_DOCUMENTATION_COMMENTS = YES;
				CLANG_WARN_EMPTY_BODY = YES;
				CLANG_WARN_ENUM_CONVERSION = YES;
				CLANG_WARN_INFINITE_RECURSION = YES;
				CLANG_WARN_INT_CONVERSION = YES;
				CLANG_WARN_NON_LITERAL_NULL_CONVERSION = YES;
				CLANG_WARN_OBJC_IMPLICIT_RETAIN_SELF = YES;
				CLANG_WARN_OBJC_LITERAL_CONVERSION = YES;
				CLANG_WARN_OBJC_ROOT_CLASS = YES_ERROR;
				CLANG_WARN_RANGE_LOOP_ANALYSIS = YES;
				CLANG_WARN_STRICT_PROTOTYPES = YES;
				CLANG_WARN_SUSPICIOUS_MOVE = YES;
				CLANG_WARN_UNGUARDED_AVAILABILITY = YES_AGGRESSIVE;
				CLANG_WARN_UNREACHABLE_CODE = YES;
				CLANG_WARN__DUPLICATE_METHOD_MATCH = YES;
				CODE_SIGN_IDENTITY = "iPhone Developer";
				COPY_PHASE_STRIP = NO;
				DEBUG_INFORMATION_FORMAT = "dwarf-with-dsym";
				ENABLE_NS_ASSERTIONS = NO;
				ENABLE_STRICT_OBJC_MSGSEND = YES;
				GCC_C_LANGUAGE_STANDARD = gnu11;
				GCC_NO_COMMON_BLOCKS = YES;
				GCC_WARN_64_TO_32_BIT_CONVERSION = YES;
				GCC_WARN_ABOUT_RETURN_TYPE = YES_ERROR;
				GCC_WARN_UNDECLARED_SELECTOR = YES;
				GCC_WARN_UNINITIALIZED_AUTOS = YES_AGGRESSIVE;
				GCC_WARN_UNUSED_FUNCTION = YES;
				GCC_WARN_UNUSED_VARIABLE = YES;
				IPHONEOS_DEPLOYMENT_TARGET = 12.1;
				MTL_ENABLE_DEBUG_INFO = NO;
				MTL_FAST_MATH = YES;
				SDKROOT = iphoneos;
				SWIFT_COMPILATION_MODE = wholemodule;
				SWIFT_OPTIMIZATION_LEVEL = "-O";
				VALIDATE_PRODUCT = YES;
			};
			name = Release;
		};
		DC21A7DA21AC6E1C00F445AB /* Debug */ = {
			isa = XCBuildConfiguration;
			buildSettings = {
				ASSETCATALOG_COMPILER_APPICON_NAME = AppIcon;
				CODE_SIGN_STYLE = Automatic;
				DEVELOPMENT_TEAM = W8M6P85B32;
				INFOPLIST_FILE = TourExtras/Info.plist;
				LD_RUNPATH_SEARCH_PATHS = (
					"$(inherited)",
					"@executable_path/Frameworks",
				);
				PRODUCT_BUNDLE_IDENTIFIER = com.swartzware.TourExtras;
				PRODUCT_NAME = "$(TARGET_NAME)";
				SWIFT_VERSION = 4.2;
				TARGETED_DEVICE_FAMILY = "1,2";
			};
			name = Debug;
		};
		DC21A7DB21AC6E1C00F445AB /* Release */ = {
			isa = XCBuildConfiguration;
			buildSettings = {
				ASSETCATALOG_COMPILER_APPICON_NAME = AppIcon;
				CODE_SIGN_STYLE = Automatic;
				DEVELOPMENT_TEAM = W8M6P85B32;
				INFOPLIST_FILE = TourExtras/Info.plist;
				LD_RUNPATH_SEARCH_PATHS = (
					"$(inherited)",
					"@executable_path/Frameworks",
				);
				PRODUCT_BUNDLE_IDENTIFIER = com.swartzware.TourExtras;
				PRODUCT_NAME = "$(TARGET_NAME)";
				SWIFT_VERSION = 4.2;
				TARGETED_DEVICE_FAMILY = "1,2";
			};
			name = Release;
		};
		DC21A7DD21AC6E1C00F445AB /* Debug */ = {
			isa = XCBuildConfiguration;
			buildSettings = {
				ALWAYS_EMBED_SWIFT_STANDARD_LIBRARIES = YES;
				BUNDLE_LOADER = "$(TEST_HOST)";
				CODE_SIGN_STYLE = Automatic;
				DEVELOPMENT_TEAM = W8M6P85B32;
				INFOPLIST_FILE = TourExtrasTests/Info.plist;
				LD_RUNPATH_SEARCH_PATHS = (
					"$(inherited)",
					"@executable_path/Frameworks",
					"@loader_path/Frameworks",
				);
				PRODUCT_BUNDLE_IDENTIFIER = com.swartzware.TourExtrasTests;
				PRODUCT_NAME = "$(TARGET_NAME)";
				SWIFT_VERSION = 4.2;
				TARGETED_DEVICE_FAMILY = "1,2";
				TEST_HOST = "$(BUILT_PRODUCTS_DIR)/TourExtras.app/TourExtras";
			};
			name = Debug;
		};
		DC21A7DE21AC6E1C00F445AB /* Release */ = {
			isa = XCBuildConfiguration;
			buildSettings = {
				ALWAYS_EMBED_SWIFT_STANDARD_LIBRARIES = YES;
				BUNDLE_LOADER = "$(TEST_HOST)";
				CODE_SIGN_STYLE = Automatic;
				DEVELOPMENT_TEAM = W8M6P85B32;
				INFOPLIST_FILE = TourExtrasTests/Info.plist;
				LD_RUNPATH_SEARCH_PATHS = (
					"$(inherited)",
					"@executable_path/Frameworks",
					"@loader_path/Frameworks",
				);
				PRODUCT_BUNDLE_IDENTIFIER = com.swartzware.TourExtrasTests;
				PRODUCT_NAME = "$(TARGET_NAME)";
				SWIFT_VERSION = 4.2;
				TARGETED_DEVICE_FAMILY = "1,2";
				TEST_HOST = "$(BUILT_PRODUCTS_DIR)/TourExtras.app/TourExtras";
			};
			name = Release;
		};
		DCDE5F7621C98722007470BD /* Debug */ = {
			isa = XCBuildConfiguration;
			buildSettings = {
				ASSETCATALOG_COMPILER_APPICON_NAME = AppIcon;
				CODE_SIGN_STYLE = Automatic;
				DEVELOPMENT_TEAM = W8M6P85B32;
				INFOPLIST_FILE = SalemPrototype/Info.plist;
				LD_RUNPATH_SEARCH_PATHS = (
					"$(inherited)",
					"@executable_path/Frameworks",
				);
				PRODUCT_BUNDLE_IDENTIFIER = com.swartzware.SalemPrototype;
				PRODUCT_NAME = "$(TARGET_NAME)";
				SWIFT_VERSION = 4.2;
				TARGETED_DEVICE_FAMILY = "1,2";
			};
			name = Debug;
		};
		DCDE5F7721C98722007470BD /* Release */ = {
			isa = XCBuildConfiguration;
			buildSettings = {
				ASSETCATALOG_COMPILER_APPICON_NAME = AppIcon;
				CODE_SIGN_STYLE = Automatic;
				DEVELOPMENT_TEAM = W8M6P85B32;
				INFOPLIST_FILE = SalemPrototype/Info.plist;
				LD_RUNPATH_SEARCH_PATHS = (
					"$(inherited)",
					"@executable_path/Frameworks",
				);
				PRODUCT_BUNDLE_IDENTIFIER = com.swartzware.SalemPrototype;
				PRODUCT_NAME = "$(TARGET_NAME)";
				SWIFT_VERSION = 4.2;
				TARGETED_DEVICE_FAMILY = "1,2";
			};
			name = Release;
		};
		DCDE5F7821C98722007470BD /* Debug */ = {
			isa = XCBuildConfiguration;
			buildSettings = {
				ALWAYS_EMBED_SWIFT_STANDARD_LIBRARIES = YES;
				BUNDLE_LOADER = "$(TEST_HOST)";
				CODE_SIGN_STYLE = Automatic;
				DEVELOPMENT_TEAM = W8M6P85B32;
				INFOPLIST_FILE = SalemPrototypeTests/Info.plist;
				LD_RUNPATH_SEARCH_PATHS = (
					"$(inherited)",
					"@executable_path/Frameworks",
					"@loader_path/Frameworks",
				);
				PRODUCT_BUNDLE_IDENTIFIER = com.swartzware.SalemPrototypeTests;
				PRODUCT_NAME = "$(TARGET_NAME)";
				SWIFT_VERSION = 4.2;
				TARGETED_DEVICE_FAMILY = "1,2";
				TEST_HOST = "$(BUILT_PRODUCTS_DIR)/SalemPrototype.app/SalemPrototype";
			};
			name = Debug;
		};
		DCDE5F7921C98722007470BD /* Release */ = {
			isa = XCBuildConfiguration;
			buildSettings = {
				ALWAYS_EMBED_SWIFT_STANDARD_LIBRARIES = YES;
				BUNDLE_LOADER = "$(TEST_HOST)";
				CODE_SIGN_STYLE = Automatic;
				DEVELOPMENT_TEAM = W8M6P85B32;
				INFOPLIST_FILE = SalemPrototypeTests/Info.plist;
				LD_RUNPATH_SEARCH_PATHS = (
					"$(inherited)",
					"@executable_path/Frameworks",
					"@loader_path/Frameworks",
				);
				PRODUCT_BUNDLE_IDENTIFIER = com.swartzware.SalemPrototypeTests;
				PRODUCT_NAME = "$(TARGET_NAME)";
				SWIFT_VERSION = 4.2;
				TARGETED_DEVICE_FAMILY = "1,2";
				TEST_HOST = "$(BUILT_PRODUCTS_DIR)/SalemPrototype.app/SalemPrototype";
			};
			name = Release;
		};
/* End XCBuildConfiguration section */

/* Begin XCConfigurationList section */
		DC21A7B521AC6E1B00F445AB /* Build configuration list for PBXProject "TourExtras" */ = {
			isa = XCConfigurationList;
			buildConfigurations = (
				DC21A7D721AC6E1C00F445AB /* Debug */,
				DC21A7D821AC6E1C00F445AB /* Release */,
			);
			defaultConfigurationIsVisible = 0;
			defaultConfigurationName = Release;
		};
		DC21A7D921AC6E1C00F445AB /* Build configuration list for PBXNativeTarget "TourExtras" */ = {
			isa = XCConfigurationList;
			buildConfigurations = (
				DC21A7DA21AC6E1C00F445AB /* Debug */,
				DC21A7DB21AC6E1C00F445AB /* Release */,
			);
			defaultConfigurationIsVisible = 0;
			defaultConfigurationName = Release;
		};
		DC21A7DC21AC6E1C00F445AB /* Build configuration list for PBXNativeTarget "TourExtrasTests" */ = {
			isa = XCConfigurationList;
			buildConfigurations = (
				DC21A7DD21AC6E1C00F445AB /* Debug */,
				DC21A7DE21AC6E1C00F445AB /* Release */,
			);
			defaultConfigurationIsVisible = 0;
			defaultConfigurationName = Release;
		};
		DCDE5F7A21C98722007470BD /* Build configuration list for PBXNativeTarget "SalemPrototype" */ = {
			isa = XCConfigurationList;
			buildConfigurations = (
				DCDE5F7621C98722007470BD /* Debug */,
				DCDE5F7721C98722007470BD /* Release */,
			);
			defaultConfigurationIsVisible = 0;
			defaultConfigurationName = Release;
		};
		DCDE5F7B21C98722007470BD /* Build configuration list for PBXNativeTarget "SalemPrototypeTests" */ = {
			isa = XCConfigurationList;
			buildConfigurations = (
				DCDE5F7821C98722007470BD /* Debug */,
				DCDE5F7921C98722007470BD /* Release */,
			);
			defaultConfigurationIsVisible = 0;
			defaultConfigurationName = Release;
		};
/* End XCConfigurationList section */
	};
	rootObject = DC21A7B221AC6E1B00F445AB /* Project object */;
}
